
Microsoft Visual Studio Solution File, Format Version 12.00
# Visual Studio Version 17
VisualStudioVersion = 17.5.2.0
MinimumVisualStudioVersion = 10.0.40219.1
Project("{FAE04EC0-301F-11D3-BF4B-00C04F79EFBC}") = "JOEX_DB_Engine", "JOEX_DB_Engine.csproj", "{387DF5C5-05A1-02A9-A03F-F0796DA78ABB}"
EndProject
Project("{FAE04EC0-301F-11D3-BF4B-00C04F79EFBC}") = "JOEX_DB_Engine.Tests", "JOEX_DB_Engine.Tests\JOEX_DB_Engine.Tests.csproj", "{871DC8EA-B798-4FD9-93C6-647FF5F182EA}"
EndProject
Global
	GlobalSection(SolutionConfigurationPlatforms) = preSolution
		Debug|Any CPU = Debug|Any CPU
		Debug|x64 = Debug|x64
		Debug|x86 = Debug|x86
		Release|Any CPU = Release|Any CPU
		Release|x64 = Release|x64
		Release|x86 = Release|x86
	EndGlobalSection
	GlobalSection(ProjectConfigurationPlatforms) = postSolution
		{387DF5C5-05A1-02A9-A03F-F0796DA78ABB}.Debug|Any CPU.ActiveCfg = Debug|Any CPU
		{387DF5C5-05A1-02A9-A03F-F0796DA78ABB}.Debug|Any CPU.Build.0 = Debug|Any CPU
		{387DF5C5-05A1-02A9-A03F-F0796DA78ABB}.Debug|x64.ActiveCfg = Debug|Any CPU
		{387DF5C5-05A1-02A9-A03F-F0796DA78ABB}.Debug|x64.Build.0 = Debug|Any CPU
		{387DF5C5-05A1-02A9-A03F-F0796DA78ABB}.Debug|x86.ActiveCfg = Debug|Any CPU
		{387DF5C5-05A1-02A9-A03F-F0796DA78ABB}.Debug|x86.Build.0 = Debug|Any CPU
		{387DF5C5-05A1-02A9-A03F-F0796DA78ABB}.Release|Any CPU.ActiveCfg = Release|Any CPU
		{387DF5C5-05A1-02A9-A03F-F0796DA78ABB}.Release|Any CPU.Build.0 = Release|Any CPU
		{387DF5C5-05A1-02A9-A03F-F0796DA78ABB}.Release|x64.ActiveCfg = Release|Any CPU
		{387DF5C5-05A1-02A9-A03F-F0796DA78ABB}.Release|x64.Build.0 = Release|Any CPU
		{387DF5C5-05A1-02A9-A03F-F0796DA78ABB}.Release|x86.ActiveCfg = Release|Any CPU
		{387DF5C5-05A1-02A9-A03F-F0796DA78ABB}.Release|x86.Build.0 = Release|Any CPU
		{871DC8EA-B798-4FD9-93C6-647FF5F182EA}.Debug|Any CPU.ActiveCfg = Debug|Any CPU
		{871DC8EA-B798-4FD9-93C6-647FF5F182EA}.Debug|Any CPU.Build.0 = Debug|Any CPU
		{871DC8EA-B798-4FD9-93C6-647FF5F182EA}.Debug|x64.ActiveCfg = Debug|Any CPU
		{871DC8EA-B798-4FD9-93C6-647FF5F182EA}.Debug|x64.Build.0 = Debug|Any CPU
		{871DC8EA-B798-4FD9-93C6-647FF5F182EA}.Debug|x86.ActiveCfg = Debug|Any CPU
		{871DC8EA-B798-4FD9-93C6-647FF5F182EA}.Debug|x86.Build.0 = Debug|Any CPU
		{871DC8EA-B798-4FD9-93C6-647FF5F182EA}.Release|Any CPU.ActiveCfg = Release|Any CPU
		{871DC8EA-B798-4FD9-93C6-647FF5F182EA}.Release|Any CPU.Build.0 = Release|Any CPU
		{871DC8EA-B798-4FD9-93C6-647FF5F182EA}.Release|x64.ActiveCfg = Release|Any CPU
		{871DC8EA-B798-4FD9-93C6-647FF5F182EA}.Release|x64.Build.0 = Release|Any CPU
		{871DC8EA-B798-4FD9-93C6-647FF5F182EA}.Release|x86.ActiveCfg = Release|Any CPU
		{871DC8EA-B798-4FD9-93C6-647FF5F182EA}.Release|x86.Build.0 = Release|Any CPU
	EndGlobalSection
	GlobalSection(SolutionProperties) = preSolution
		HideSolutionNode = FALSE
	EndGlobalSection
	GlobalSection(ExtensibilityGlobals) = postSolution
		SolutionGuid = {F323CB14-3E54-4C7A-9C8C-FE2E08920ECE}
	EndGlobalSection
EndGlobal
